
Microsoft Visual Studio Solution File, Format Version 12.00
# Visual Studio Version 16
VisualStudioVersion = 16.0.30002.166
MinimumVisualStudioVersion = 10.0.40219.1
Project("{FAE04EC0-301F-11D3-BF4B-00C04F79EFBC}") = "ejemplo100", "ejemplo100\ejemplo100.csproj", "{792CE7C4-7DE8-47E1-A887-94C765B875BD}"
EndProject
Global
	GlobalSection(SolutionConfigurationPlatforms) = preSolution
		Debug|Any CPU = Debug|Any CPU
		Release|Any CPU = Release|Any CPU
	EndGlobalSection
	GlobalSection(ProjectConfigurationPlatforms) = postSolution
		{792CE7C4-7DE8-47E1-A887-94C765B875BD}.Debug|Any CPU.ActiveCfg = Debug|Any CPU
		{792CE7C4-7DE8-47E1-A887-94C765B875BD}.Debug|Any CPU.Build.0 = Debug|Any CPU
		{792CE7C4-7DE8-47E1-A887-94C765B875BD}.Release|Any CPU.ActiveCfg = Release|Any CPU
		{792CE7C4-7DE8-47E1-A887-94C765B875BD}.Release|Any CPU.Build.0 = Release|Any CPU
	EndGlobalSection
	GlobalSection(SolutionProperties) = preSolution
		HideSolutionNode = FALSE
	EndGlobalSection
	GlobalSection(ExtensibilityGlobals) = postSolution
		SolutionGuid = {F459E629-CE98-4A22-AD3A-147169C0F6D5}
	EndGlobalSection
EndGlobal
